// !$*UTF8*$!
{
	archiveVersion = 1;
	classes = {
	};
	objectVersion = 77;
	objects = {

/* Begin PBXBuildFile section */
		2CBD966C05283CE8DF1A6B3A /* SmokeUITests.swift in Sources */ = {isa = PBXBuildFile; fileRef = 8A0211D5B5824F2309DE0312 /* SmokeUITests.swift */; };
		8D34064993EFB68918105B94 /* AppDelegate.swift in Sources */ = {isa = PBXBuildFile; fileRef = 0897B6C287F58E429BEA09D9 /* AppDelegate.swift */; };
		ECFD7D194B4C95DB3E8EE3A1 /* SceneDelegate.swift in Sources */ = {isa = PBXBuildFile; fileRef = 76F4F3E32099EB039FF74747 /* SceneDelegate.swift */; };
/* End PBXBuildFile section */

/* Begin PBXContainerItemProxy section */
		5A4C3FDF7F3ADEE21A5BD94F /* PBXContainerItemProxy */ = {
			isa = PBXContainerItemProxy;
			containerPortal = C67B3CDFE3DBD82D44D466F6 /* Project object */;
			proxyType = 1;
			remoteGlobalIDString = 7AADD6A868F828D08362ADA2;
			remoteInfo = SushiGarden;
		};
		B53C87859C24176E94662A4D /* PBXContainerItemProxy */ = {
			isa = PBXContainerItemProxy;
			containerPortal = C67B3CDFE3DBD82D44D466F6 /* Project object */;
			proxyType = 1;
			remoteGlobalIDString = 7AADD6A868F828D08362ADA2;
			remoteInfo = SushiGarden;
		};
/* End PBXContainerItemProxy section */

/* Begin PBXFileReference section */
		0897B6C287F58E429BEA09D9 /* AppDelegate.swift */ = {isa = PBXFileReference; lastKnownFileType = sourcecode.swift; path = AppDelegate.swift; sourceTree = "<group>"; };
		2C4A22297AD1305ED799F613 /* Info.plist */ = {isa = PBXFileReference; lastKnownFileType = text.plist; path = Info.plist; sourceTree = "<group>"; };
		4ADF18BC39144D099D6863AD /* SushiGardenTests.xctest */ = {isa = PBXFileReference; includeInIndex = 0; lastKnownFileType = wrapper.cfbundle; path = SushiGardenTests.xctest; sourceTree = BUILT_PRODUCTS_DIR; };
		58C07E77ED45A75D6E56911D /* SushiGarden.app */ = {isa = PBXFileReference; includeInIndex = 0; lastKnownFileType = wrapper.application; path = SushiGarden.app; sourceTree = BUILT_PRODUCTS_DIR; };
		72514BD090DC646C1C03331E /* SushiGardenUITests.xctest */ = {isa = PBXFileReference; includeInIndex = 0; lastKnownFileType = wrapper.cfbundle; path = SushiGardenUITests.xctest; sourceTree = BUILT_PRODUCTS_DIR; };
		76F4F3E32099EB039FF74747 /* SceneDelegate.swift */ = {isa = PBXFileReference; lastKnownFileType = sourcecode.swift; path = SceneDelegate.swift; sourceTree = "<group>"; };
		8A0211D5B5824F2309DE0312 /* SmokeUITests.swift */ = {isa = PBXFileReference; lastKnownFileType = sourcecode.swift; path = SmokeUITests.swift; sourceTree = "<group>"; };
/* End PBXFileReference section */

/* Begin PBXGroup section */
		2AE23B6311AE6B2E286FF817 /* UITests */ = {
			isa = PBXGroup;
			children = (
				8A0211D5B5824F2309DE0312 /* SmokeUITests.swift */,
			);
			path = UITests;
			sourceTree = "<group>";
		};
		55B0ABAE5687C2F8759ACFEC /* Project */ = {
			isa = PBXGroup;
			children = (
				806DDDECF72E0E519BE7C351 /* App */,
			);
			path = Project;
			sourceTree = "<group>";
		};
		806DDDECF72E0E519BE7C351 /* App */ = {
			isa = PBXGroup;
			children = (
				0897B6C287F58E429BEA09D9 /* AppDelegate.swift */,
				2C4A22297AD1305ED799F613 /* Info.plist */,
				76F4F3E32099EB039FF74747 /* SceneDelegate.swift */,
			);
			path = App;
			sourceTree = "<group>";
		};
		92F1923AE4CDF9D3DA31754C /* Tests */ = {
			isa = PBXGroup;
			children = (
			);
			path = Tests;
			sourceTree = "<group>";
		};
		941C89EBFAD413E0FFCFE049 /* Products */ = {
			isa = PBXGroup;
			children = (
				58C07E77ED45A75D6E56911D /* SushiGarden.app */,
				4ADF18BC39144D099D6863AD /* SushiGardenTests.xctest */,
				72514BD090DC646C1C03331E /* SushiGardenUITests.xctest */,
			);
			name = Products;
			sourceTree = "<group>";
		};
		E44E8DA8B77AA6919F064128 = {
			isa = PBXGroup;
			children = (
				55B0ABAE5687C2F8759ACFEC /* Project */,
				92F1923AE4CDF9D3DA31754C /* Tests */,
				2AE23B6311AE6B2E286FF817 /* UITests */,
				941C89EBFAD413E0FFCFE049 /* Products */,
			);
			sourceTree = "<group>";
		};
/* End PBXGroup section */

/* Begin PBXNativeTarget section */
		5289F244E625D30FB86EC086 /* SushiGardenTests */ = {
			isa = PBXNativeTarget;
			buildConfigurationList = 743DA199482990F8A4A9AF23 /* Build configuration list for PBXNativeTarget "SushiGardenTests" */;
			buildPhases = (
				C2268F82DA654DDEB1B97DC7 /* Sources */,
			);
			buildRules = (
			);
			dependencies = (
				90A25CB70D18849788DD5BE8 /* PBXTargetDependency */,
			);
			name = SushiGardenTests;
			packageProductDependencies = (
			);
			productName = SushiGardenTests;
			productReference = 4ADF18BC39144D099D6863AD /* SushiGardenTests.xctest */;
			productType = "com.apple.product-type.bundle.unit-test";
		};
		7AADD6A868F828D08362ADA2 /* SushiGarden */ = {
			isa = PBXNativeTarget;
			buildConfigurationList = D59A6816C74E45FB5821E9CB /* Build configuration list for PBXNativeTarget "SushiGarden" */;
			buildPhases = (
				A6FDC954B1E11710E540755E /* Sources */,
			);
			buildRules = (
			);
			dependencies = (
			);
			name = SushiGarden;
			packageProductDependencies = (
			);
			productName = SushiGarden;
			productReference = 58C07E77ED45A75D6E56911D /* SushiGarden.app */;
			productType = "com.apple.product-type.application";
		};
		F42A2DD36EE68F8BA1FAA477 /* SushiGardenUITests */ = {
			isa = PBXNativeTarget;
			buildConfigurationList = 52062BFDA0D5EAA957B64000 /* Build configuration list for PBXNativeTarget "SushiGardenUITests" */;
			buildPhases = (
				8A87536BE67744DC17A11F02 /* Sources */,
			);
			buildRules = (
			);
			dependencies = (
				BBB0D07EF16B7898DDC0E490 /* PBXTargetDependency */,
			);
			name = SushiGardenUITests;
			packageProductDependencies = (
			);
			productName = SushiGardenUITests;
			productReference = 72514BD090DC646C1C03331E /* SushiGardenUITests.xctest */;
			productType = "com.apple.product-type.bundle.ui-testing";
		};
/* End PBXNativeTarget section */

/* Begin PBXProject section */
		C67B3CDFE3DBD82D44D466F6 /* Project object */ = {
			isa = PBXProject;
			attributes = {
				BuildIndependentTargetsInParallel = YES;
				LastUpgradeCheck = 1430;
				TargetAttributes = {
					F42A2DD36EE68F8BA1FAA477 = {
						TestTargetID = 7AADD6A868F828D08362ADA2;
					};
				};
			};
			buildConfigurationList = EE711162C37B7BED2C652540 /* Build configuration list for PBXProject "SushiGarden" */;
			developmentRegion = en;
			hasScannedForEncodings = 0;
			knownRegions = (
				Base,
				en,
			);
			mainGroup = E44E8DA8B77AA6919F064128;
			minimizedProjectReferenceProxies = 1;
			preferredProjectObjectVersion = 77;
			productRefGroup = 941C89EBFAD413E0FFCFE049 /* Products */;
			projectDirPath = "";
			projectRoot = "";
			targets = (
				7AADD6A868F828D08362ADA2 /* SushiGarden */,
				5289F244E625D30FB86EC086 /* SushiGardenTests */,
				F42A2DD36EE68F8BA1FAA477 /* SushiGardenUITests */,
			);
		};
/* End PBXProject section */

/* Begin PBXSourcesBuildPhase section */
		8A87536BE67744DC17A11F02 /* Sources */ = {
			isa = PBXSourcesBuildPhase;
			buildActionMask = 2147483647;
			files = (
				2CBD966C05283CE8DF1A6B3A /* SmokeUITests.swift in Sources */,
			);
			runOnlyForDeploymentPostprocessing = 0;
		};
		A6FDC954B1E11710E540755E /* Sources */ = {
			isa = PBXSourcesBuildPhase;
			buildActionMask = 2147483647;
			files = (
				8D34064993EFB68918105B94 /* AppDelegate.swift in Sources */,
				ECFD7D194B4C95DB3E8EE3A1 /* SceneDelegate.swift in Sources */,
			);
			runOnlyForDeploymentPostprocessing = 0;
		};
		C2268F82DA654DDEB1B97DC7 /* Sources */ = {
			isa = PBXSourcesBuildPhase;
			buildActionMask = 2147483647;
			files = (
			);
			runOnlyForDeploymentPostprocessing = 0;
		};
/* End PBXSourcesBuildPhase section */

/* Begin PBXTargetDependency section */
		90A25CB70D18849788DD5BE8 /* PBXTargetDependency */ = {
			isa = PBXTargetDependency;
			target = 7AADD6A868F828D08362ADA2 /* SushiGarden */;
			targetProxy = B53C87859C24176E94662A4D /* PBXContainerItemProxy */;
		};
		BBB0D07EF16B7898DDC0E490 /* PBXTargetDependency */ = {
			isa = PBXTargetDependency;
			target = 7AADD6A868F828D08362ADA2 /* SushiGarden */;
			targetProxy = 5A4C3FDF7F3ADEE21A5BD94F /* PBXContainerItemProxy */;
		};
/* End PBXTargetDependency section */

/* Begin XCBuildConfiguration section */
		17DB7D04B3D5F2A35E566D65 /* Release */ = {
			isa = XCBuildConfiguration;
			buildSettings = {
				BUNDLE_LOADER = "$(TEST_HOST)";
				LD_RUNPATH_SEARCH_PATHS = (
					"$(inherited)",
					"@executable_path/Frameworks",
					"@loader_path/Frameworks",
				);
				PRODUCT_BUNDLE_IDENTIFIER = com.errornil.SushiGardenUITests;
				SDKROOT = iphoneos;
				TARGETED_DEVICE_FAMILY = "1,2";
				TEST_TARGET_NAME = SushiGarden;
			};
			name = Release;
		};
		1AB55119A0EFADDB6C481472 /* Debug */ = {
			isa = XCBuildConfiguration;
			buildSettings = {
				BUNDLE_LOADER = "$(TEST_HOST)";
				LD_RUNPATH_SEARCH_PATHS = (
					"$(inherited)",
					"@executable_path/Frameworks",
					"@loader_path/Frameworks",
				);
				PRODUCT_BUNDLE_IDENTIFIER = com.errornil.SushiGardenTests;
				SDKROOT = iphoneos;
				TARGETED_DEVICE_FAMILY = "1,2";
				TEST_HOST = "$(BUILT_PRODUCTS_DIR)/SushiGarden.app/SushiGarden";
			};
			name = Debug;
		};
		3439D3000876EA93D2404E42 /* Debug */ = {
			isa = XCBuildConfiguration;
			buildSettings = {
				BUNDLE_LOADER = "$(TEST_HOST)";
				LD_RUNPATH_SEARCH_PATHS = (
					"$(inherited)",
					"@executable_path/Frameworks",
					"@loader_path/Frameworks",
				);
				PRODUCT_BUNDLE_IDENTIFIER = com.errornil.SushiGardenUITests;
				SDKROOT = iphoneos;
				TARGETED_DEVICE_FAMILY = "1,2";
				TEST_TARGET_NAME = SushiGarden;
			};
			name = Debug;
		};
		738F5900DBDAA6C92789B781 /* Release */ = {
			isa = XCBuildConfiguration;
			buildSettings = {
				ALWAYS_SEARCH_USER_PATHS = NO;
				CLANG_ANALYZER_NONNULL = YES;
				CLANG_ANALYZER_NUMBER_OBJECT_CONVERSION = YES_AGGRESSIVE;
				CLANG_CXX_LANGUAGE_STANDARD = "gnu++14";
				CLANG_CXX_LIBRARY = "libc++";
				CLANG_ENABLE_MODULES = YES;
				CLANG_ENABLE_OBJC_ARC = YES;
				CLANG_ENABLE_OBJC_WEAK = YES;
				CLANG_WARN_BLOCK_CAPTURE_AUTORELEASING = YES;
				CLANG_WARN_BOOL_CONVERSION = YES;
				CLANG_WARN_COMMA = YES;
				CLANG_WARN_CONSTANT_CONVERSION = YES;
				CLANG_WARN_DEPRECATED_OBJC_IMPLEMENTATIONS = YES;
				CLANG_WARN_DIRECT_OBJC_ISA_USAGE = YES_ERROR;
				CLANG_WARN_DOCUMENTATION_COMMENTS = YES;
				CLANG_WARN_EMPTY_BODY = YES;
				CLANG_WARN_ENUM_CONVERSION = YES;
				CLANG_WARN_INFINITE_RECURSION = YES;
				CLANG_WARN_INT_CONVERSION = YES;
				CLANG_WARN_NON_LITERAL_NULL_CONVERSION = YES;
				CLANG_WARN_OBJC_IMPLICIT_RETAIN_SELF = YES;
				CLANG_WARN_OBJC_LITERAL_CONVERSION = YES;
				CLANG_WARN_OBJC_ROOT_CLASS = YES_ERROR;
				CLANG_WARN_QUOTED_INCLUDE_IN_FRAMEWORK_HEADER = YES;
				CLANG_WARN_RANGE_LOOP_ANALYSIS = YES;
				CLANG_WARN_STRICT_PROTOTYPES = YES;
				CLANG_WARN_SUSPICIOUS_MOVE = YES;
				CLANG_WARN_UNGUARDED_AVAILABILITY = YES_AGGRESSIVE;
				CLANG_WARN_UNREACHABLE_CODE = YES;
				CLANG_WARN__DUPLICATE_METHOD_MATCH = YES;
				COPY_PHASE_STRIP = NO;
				CURRENT_PROJECT_VERSION = 1;
				DEBUG_INFORMATION_FORMAT = "dwarf-with-dsym";
				DEVELOPMENT_LANGUAGE = ru;
				ENABLE_NS_ASSERTIONS = NO;
				ENABLE_STRICT_OBJC_MSGSEND = YES;
				GCC_C_LANGUAGE_STANDARD = gnu11;
				GCC_NO_COMMON_BLOCKS = YES;
				GCC_WARN_64_TO_32_BIT_CONVERSION = YES;
				GCC_WARN_ABOUT_RETURN_TYPE = YES_ERROR;
				GCC_WARN_UNDECLARED_SELECTOR = YES;
				GCC_WARN_UNINITIALIZED_AUTOS = YES_AGGRESSIVE;
				GCC_WARN_UNUSED_FUNCTION = YES;
				GCC_WARN_UNUSED_VARIABLE = YES;
				IPHONEOS_DEPLOYMENT_TARGET = 17.0;
				MARKETING_VERSION = 1.0;
				MTL_ENABLE_DEBUG_INFO = NO;
				MTL_FAST_MATH = YES;
				PRODUCT_NAME = "$(TARGET_NAME)";
				SDKROOT = iphoneos;
				SWIFT_COMPILATION_MODE = wholemodule;
				SWIFT_OPTIMIZATION_LEVEL = "-O";
				SWIFT_VERSION = 5.9;
				TARGETED_DEVICE_FAMILY = 1;
			};
			name = Release;
		};
		9B4E2191C5590E249D1F25D4 /* Release */ = {
			isa = XCBuildConfiguration;
			buildSettings = {
				BUNDLE_LOADER = "$(TEST_HOST)";
				LD_RUNPATH_SEARCH_PATHS = (
					"$(inherited)",
					"@executable_path/Frameworks",
					"@loader_path/Frameworks",
				);
				PRODUCT_BUNDLE_IDENTIFIER = com.errornil.SushiGardenTests;
				SDKROOT = iphoneos;
				TARGETED_DEVICE_FAMILY = "1,2";
				TEST_HOST = "$(BUILT_PRODUCTS_DIR)/SushiGarden.app/SushiGarden";
			};
			name = Release;
		};
		C4B679761B198404BD6D19A4 /* Debug */ = {
			isa = XCBuildConfiguration;
			buildSettings = {
				ASSETCATALOG_COMPILER_APPICON_NAME = AppIcon;
				CODE_SIGN_IDENTITY = "iPhone Developer";
				GENERATE_INFOPLIST_FILE = NO;
				INFOPLIST_FILE = Project/App/Info.plist;
				LD_RUNPATH_SEARCH_PATHS = (
					"$(inherited)",
					"@executable_path/Frameworks",
				);
				PRODUCT_BUNDLE_IDENTIFIER = com.errornil.sushigarden;
				SDKROOT = iphoneos;
				TARGETED_DEVICE_FAMILY = "1,2";
			};
			name = Debug;
		};
		D44FD826B38802AE7D444ECC /* Release */ = {
			isa = XCBuildConfiguration;
			buildSettings = {
				ASSETCATALOG_COMPILER_APPICON_NAME = AppIcon;
				CODE_SIGN_IDENTITY = "iPhone Developer";
				GENERATE_INFOPLIST_FILE = NO;
				INFOPLIST_FILE = Project/App/Info.plist;
				LD_RUNPATH_SEARCH_PATHS = (
					"$(inherited)",
					"@executable_path/Frameworks",
				);
				PRODUCT_BUNDLE_IDENTIFIER = com.errornil.sushigarden;
				SDKROOT = iphoneos;
				TARGETED_DEVICE_FAMILY = "1,2";
			};
			name = Release;
		};
		FE60C135350EF08E3A182258 /* Debug */ = {
			isa = XCBuildConfiguration;
			buildSettings = {
				ALWAYS_SEARCH_USER_PATHS = NO;
				CLANG_ANALYZER_NONNULL = YES;
				CLANG_ANALYZER_NUMBER_OBJECT_CONVERSION = YES_AGGRESSIVE;
				CLANG_CXX_LANGUAGE_STANDARD = "gnu++14";
				CLANG_CXX_LIBRARY = "libc++";
				CLANG_ENABLE_MODULES = YES;
				CLANG_ENABLE_OBJC_ARC = YES;
				CLANG_ENABLE_OBJC_WEAK = YES;
				CLANG_WARN_BLOCK_CAPTURE_AUTORELEASING = YES;
				CLANG_WARN_BOOL_CONVERSION = YES;
				CLANG_WARN_COMMA = YES;
				CLANG_WARN_CONSTANT_CONVERSION = YES;
				CLANG_WARN_DEPRECATED_OBJC_IMPLEMENTATIONS = YES;
				CLANG_WARN_DIRECT_OBJC_ISA_USAGE = YES_ERROR;
				CLANG_WARN_DOCUMENTATION_COMMENTS = YES;
				CLANG_WARN_EMPTY_BODY = YES;
				CLANG_WARN_ENUM_CONVERSION = YES;
				CLANG_WARN_INFINITE_RECURSION = YES;
				CLANG_WARN_INT_CONVERSION = YES;
				CLANG_WARN_NON_LITERAL_NULL_CONVERSION = YES;
				CLANG_WARN_OBJC_IMPLICIT_RETAIN_SELF = YES;
				CLANG_WARN_OBJC_LITERAL_CONVERSION = YES;
				CLANG_WARN_OBJC_ROOT_CLASS = YES_ERROR;
				CLANG_WARN_QUOTED_INCLUDE_IN_FRAMEWORK_HEADER = YES;
				CLANG_WARN_RANGE_LOOP_ANALYSIS = YES;
				CLANG_WARN_STRICT_PROTOTYPES = YES;
				CLANG_WARN_SUSPICIOUS_MOVE = YES;
				CLANG_WARN_UNGUARDED_AVAILABILITY = YES_AGGRESSIVE;
				CLANG_WARN_UNREACHABLE_CODE = YES;
				CLANG_WARN__DUPLICATE_METHOD_MATCH = YES;
				COPY_PHASE_STRIP = NO;
				CURRENT_PROJECT_VERSION = 1;
				DEBUG_INFORMATION_FORMAT = dwarf;
				DEVELOPMENT_LANGUAGE = ru;
				ENABLE_STRICT_OBJC_MSGSEND = YES;
				ENABLE_TESTABILITY = YES;
				GCC_C_LANGUAGE_STANDARD = gnu11;
				GCC_DYNAMIC_NO_PIC = NO;
				GCC_NO_COMMON_BLOCKS = YES;
				GCC_OPTIMIZATION_LEVEL = 0;
				GCC_PREPROCESSOR_DEFINITIONS = (
					"$(inherited)",
					"DEBUG=1",
				);
				GCC_WARN_64_TO_32_BIT_CONVERSION = YES;
				GCC_WARN_ABOUT_RETURN_TYPE = YES_ERROR;
				GCC_WARN_UNDECLARED_SELECTOR = YES;
				GCC_WARN_UNINITIALIZED_AUTOS = YES_AGGRESSIVE;
				GCC_WARN_UNUSED_FUNCTION = YES;
				GCC_WARN_UNUSED_VARIABLE = YES;
				IPHONEOS_DEPLOYMENT_TARGET = 17.0;
				MARKETING_VERSION = 1.0;
				MTL_ENABLE_DEBUG_INFO = INCLUDE_SOURCE;
				MTL_FAST_MATH = YES;
				ONLY_ACTIVE_ARCH = YES;
				PRODUCT_NAME = "$(TARGET_NAME)";
				SDKROOT = iphoneos;
				SWIFT_ACTIVE_COMPILATION_CONDITIONS = DEBUG;
				SWIFT_OPTIMIZATION_LEVEL = "-Onone";
				SWIFT_VERSION = 5.9;
				TARGETED_DEVICE_FAMILY = 1;
			};
			name = Debug;
		};
/* End XCBuildConfiguration section */

/* Begin XCConfigurationList section */
		52062BFDA0D5EAA957B64000 /* Build configuration list for PBXNativeTarget "SushiGardenUITests" */ = {
			isa = XCConfigurationList;
			buildConfigurations = (
				3439D3000876EA93D2404E42 /* Debug */,
				17DB7D04B3D5F2A35E566D65 /* Release */,
			);
			defaultConfigurationIsVisible = 0;
			defaultConfigurationName = Debug;
		};
		743DA199482990F8A4A9AF23 /* Build configuration list for PBXNativeTarget "SushiGardenTests" */ = {
			isa = XCConfigurationList;
			buildConfigurations = (
				1AB55119A0EFADDB6C481472 /* Debug */,
				9B4E2191C5590E249D1F25D4 /* Release */,
			);
			defaultConfigurationIsVisible = 0;
			defaultConfigurationName = Debug;
		};
		D59A6816C74E45FB5821E9CB /* Build configuration list for PBXNativeTarget "SushiGarden" */ = {
			isa = XCConfigurationList;
			buildConfigurations = (
				C4B679761B198404BD6D19A4 /* Debug */,
				D44FD826B38802AE7D444ECC /* Release */,
			);
			defaultConfigurationIsVisible = 0;
			defaultConfigurationName = Debug;
		};
		EE711162C37B7BED2C652540 /* Build configuration list for PBXProject "SushiGarden" */ = {
			isa = XCConfigurationList;
			buildConfigurations = (
				FE60C135350EF08E3A182258 /* Debug */,
				738F5900DBDAA6C92789B781 /* Release */,
			);
			defaultConfigurationIsVisible = 0;
			defaultConfigurationName = Debug;
		};
/* End XCConfigurationList section */
	};
	rootObject = C67B3CDFE3DBD82D44D466F6 /* Project object */;
}
